
Microsoft Visual Studio Solution File, Format Version 11.00
# Visual Studio 2010
Project("{F2A71F9B-5D33-465A-A702-920D77279786}") = "RecursiveDescentParsing", "RecursiveDescentParsing\RecursiveDescentParsing.fsproj", "{E5108ED2-5373-4E5F-AE34-5233F62CE9CA}"
EndProject
Project("{F2A71F9B-5D33-465A-A702-920D77279786}") = "BinaryParsingFormatting", "BinaryParsingFormatting\BinaryParsingFormatting.fsproj", "{D7D88E3A-9E22-4036-95EF-3B68C65D43E7}"
EndProject
Project("{2150E333-8FDC-42A3-9474-1A3956D46DE8}") = ".nuget", ".nuget", "{7439930E-78B4-41C0-97FC-1F5646ABA53D}"
	ProjectSection(SolutionItems) = preProject
		.nuget\NuGet.Config = .nuget\NuGet.Config
		.nuget\NuGet.exe = .nuget\NuGet.exe
		.nuget\NuGet.targets = .nuget\NuGet.targets
	EndProjectSection
EndProject
Project("{F2A71F9B-5D33-465A-A702-920D77279786}") = "AsyncFtp", "AsyncFtp\AsyncFtp.fsproj", "{656D10B1-6DD6-4066-A9E5-247032F3957F}"
EndProject
Project("{FAE04EC0-301F-11D3-BF4B-00C04F79EFBC}") = "AsyncFtpClient", "AsyncFtpClient\AsyncFtpClient.csproj", "{CBE76E4D-AD18-469D-B8C8-AF42DEB96822}"
EndProject
Global
	GlobalSection(SolutionConfigurationPlatforms) = preSolution
		Debug|Any CPU = Debug|Any CPU
		Debug|Mixed Platforms = Debug|Mixed Platforms
		Debug|x86 = Debug|x86
		Release|Any CPU = Release|Any CPU
		Release|Mixed Platforms = Release|Mixed Platforms
		Release|x86 = Release|x86
	EndGlobalSection
	GlobalSection(ProjectConfigurationPlatforms) = postSolution
		{E5108ED2-5373-4E5F-AE34-5233F62CE9CA}.Debug|Any CPU.ActiveCfg = Debug|x86
		{E5108ED2-5373-4E5F-AE34-5233F62CE9CA}.Debug|Mixed Platforms.ActiveCfg = Debug|x86
		{E5108ED2-5373-4E5F-AE34-5233F62CE9CA}.Debug|Mixed Platforms.Build.0 = Debug|x86
		{E5108ED2-5373-4E5F-AE34-5233F62CE9CA}.Debug|x86.ActiveCfg = Debug|x86
		{E5108ED2-5373-4E5F-AE34-5233F62CE9CA}.Debug|x86.Build.0 = Debug|x86
		{E5108ED2-5373-4E5F-AE34-5233F62CE9CA}.Release|Any CPU.ActiveCfg = Release|x86
		{E5108ED2-5373-4E5F-AE34-5233F62CE9CA}.Release|Mixed Platforms.ActiveCfg = Release|x86
		{E5108ED2-5373-4E5F-AE34-5233F62CE9CA}.Release|Mixed Platforms.Build.0 = Release|x86
		{E5108ED2-5373-4E5F-AE34-5233F62CE9CA}.Release|x86.ActiveCfg = Release|x86
		{E5108ED2-5373-4E5F-AE34-5233F62CE9CA}.Release|x86.Build.0 = Release|x86
		{D7D88E3A-9E22-4036-95EF-3B68C65D43E7}.Debug|Any CPU.ActiveCfg = Debug|x86
		{D7D88E3A-9E22-4036-95EF-3B68C65D43E7}.Debug|Mixed Platforms.ActiveCfg = Debug|x86
		{D7D88E3A-9E22-4036-95EF-3B68C65D43E7}.Debug|Mixed Platforms.Build.0 = Debug|x86
		{D7D88E3A-9E22-4036-95EF-3B68C65D43E7}.Debug|x86.ActiveCfg = Debug|x86
		{D7D88E3A-9E22-4036-95EF-3B68C65D43E7}.Debug|x86.Build.0 = Debug|x86
		{D7D88E3A-9E22-4036-95EF-3B68C65D43E7}.Release|Any CPU.ActiveCfg = Release|x86
		{D7D88E3A-9E22-4036-95EF-3B68C65D43E7}.Release|Mixed Platforms.ActiveCfg = Release|x86
		{D7D88E3A-9E22-4036-95EF-3B68C65D43E7}.Release|Mixed Platforms.Build.0 = Release|x86
		{D7D88E3A-9E22-4036-95EF-3B68C65D43E7}.Release|x86.ActiveCfg = Release|x86
		{D7D88E3A-9E22-4036-95EF-3B68C65D43E7}.Release|x86.Build.0 = Release|x86
		{656D10B1-6DD6-4066-A9E5-247032F3957F}.Debug|Any CPU.ActiveCfg = Debug|Any CPU
		{656D10B1-6DD6-4066-A9E5-247032F3957F}.Debug|Any CPU.Build.0 = Debug|Any CPU
		{656D10B1-6DD6-4066-A9E5-247032F3957F}.Debug|Mixed Platforms.ActiveCfg = Debug|Any CPU
		{656D10B1-6DD6-4066-A9E5-247032F3957F}.Debug|Mixed Platforms.Build.0 = Debug|Any CPU
		{656D10B1-6DD6-4066-A9E5-247032F3957F}.Debug|x86.ActiveCfg = Debug|Any CPU
		{656D10B1-6DD6-4066-A9E5-247032F3957F}.Release|Any CPU.ActiveCfg = Release|Any CPU
		{656D10B1-6DD6-4066-A9E5-247032F3957F}.Release|Any CPU.Build.0 = Release|Any CPU
		{656D10B1-6DD6-4066-A9E5-247032F3957F}.Release|Mixed Platforms.ActiveCfg = Release|Any CPU
		{656D10B1-6DD6-4066-A9E5-247032F3957F}.Release|Mixed Platforms.Build.0 = Release|Any CPU
		{656D10B1-6DD6-4066-A9E5-247032F3957F}.Release|x86.ActiveCfg = Release|Any CPU
		{CBE76E4D-AD18-469D-B8C8-AF42DEB96822}.Debug|Any CPU.ActiveCfg = Debug|x86
		{CBE76E4D-AD18-469D-B8C8-AF42DEB96822}.Debug|Mixed Platforms.ActiveCfg = Debug|x86
		{CBE76E4D-AD18-469D-B8C8-AF42DEB96822}.Debug|Mixed Platforms.Build.0 = Debug|x86
		{CBE76E4D-AD18-469D-B8C8-AF42DEB96822}.Debug|x86.ActiveCfg = Debug|x86
		{CBE76E4D-AD18-469D-B8C8-AF42DEB96822}.Debug|x86.Build.0 = Debug|x86
		{CBE76E4D-AD18-469D-B8C8-AF42DEB96822}.Release|Any CPU.ActiveCfg = Release|x86
		{CBE76E4D-AD18-469D-B8C8-AF42DEB96822}.Release|Mixed Platforms.ActiveCfg = Release|x86
		{CBE76E4D-AD18-469D-B8C8-AF42DEB96822}.Release|Mixed Platforms.Build.0 = Release|x86
		{CBE76E4D-AD18-469D-B8C8-AF42DEB96822}.Release|x86.ActiveCfg = Release|x86
		{CBE76E4D-AD18-469D-B8C8-AF42DEB96822}.Release|x86.Build.0 = Release|x86
	EndGlobalSection
	GlobalSection(SolutionProperties) = preSolution
		HideSolutionNode = FALSE
	EndGlobalSection
EndGlobal
